PODS:
  - Bolts/Tasks (1.6.0)
  - Crashlytics (3.7.0):
    - Fabric (~> 1.6.3)
  - Fabric (1.6.7)
  - Parse (1.12.0):
    - Bolts/Tasks (~> 1.5)
  - TwitterCore (1.14.6):
    - Fabric
  - TwitterKit (1.14.6):
    - TwitterCore (= 1.14.6)
  - YouTubePlayer (0.3.0)

DEPENDENCIES:
  - Crashlytics
  - Fabric
  - Parse
  - TwitterCore (= 1.14.6)
  - TwitterKit (= 1.14.6)
  - YouTubePlayer

SPEC CHECKSUMS:
  Bolts: f52a250053bb517ca874523c3913776359ab3def
  Crashlytics: c3a2333dea9e2733d2777f730910321fc9e25c0d
  Fabric: caf7580c725e64db144f610ac65cd60956911dc7
  Parse: de2c52a9a1421b91ae7594ab8ce191afd184f19b
  TwitterCore: 5e9b2d066ceeef53fe611c0c4436cb700f1ed620
  TwitterKit: f67360ee0a5f935f053bf37015652ac157e4eb92
  YouTubePlayer: 88713a96c356f2c88da8925eb61438eda88bcd57

COCOAPODS: 0.39.0
